{
  "requires": true,
  "lockfileVersion": 1,
  "dependencies": {
    "uview-ui": {
      "version": "1.8.8",
      "resolved": "https://registry.npmjs.org/uview-ui/-/uview-ui-1.8.8.tgz",
      "integrity": "sha512-Osal3yzXiHor0In9OPTZuXTaqTbDglMZ9RGK/MPYDoQQs+y0hrBCUD0Xp5T70C8i2lLu2X6Z11zJhmsQWMR7Jg=="
    },
    "z-paging": {
      "version": "2.6.9",
      "resolved": "https://registry.npmjs.org/z-paging/-/z-paging-2.6.9.tgz",
      "integrity": "sha512-FiiLiIDdpebMwUYP43IgPultXQeJsLzRxnwvFwZlBpdGRbXX6HD1vMT48ouXeaWPW3QlKsdH//i6XSwfZDLOdg=="
    }
  }
}
